// !$*UTF8*$!
{
	archiveVersion = 1;
	classes = {
	};
	objectVersion = 46;
	objects = {

/* Begin PBXBuildFile section */
		431665061DE5B8E900324F40 /* main.m in Sources */ = {isa = PBXBuildFile; fileRef = 431665051DE5B8E900324F40 /* main.m */; };
		431665091DE5B8E900324F40 /* AppDelegate.m in Sources */ = {isa = PBXBuildFile; fileRef = 431665081DE5B8E900324F40 /* AppDelegate.m */; };
		4316650C1DE5B8E900324F40 /* ViewController.m in Sources */ = {isa = PBXBuildFile; fileRef = 4316650B1DE5B8E900324F40 /* ViewController.m */; };
		4316650F1DE5B8E900324F40 /* Main.storyboard in Resources */ = {isa = PBXBuildFile; fileRef = 4316650D1DE5B8E900324F40 /* Main.storyboard */; };
		431665111DE5B8E900324F40 /* Assets.xcassets in Resources */ = {isa = PBXBuildFile; fileRef = 431665101DE5B8E900324F40 /* Assets.xcassets */; };
		431665141DE5B8E900324F40 /* LaunchScreen.storyboard in Resources */ = {isa = PBXBuildFile; fileRef = 431665121DE5B8E900324F40 /* LaunchScreen.storyboard */; };
		4316651F1DE5B8E900324F40 /* ChristmasARTests.m in Sources */ = {isa = PBXBuildFile; fileRef = 4316651E1DE5B8E900324F40 /* ChristmasARTests.m */; };
		431665331DE5BF2300324F40 /* SnowFalling.m in Sources */ = {isa = PBXBuildFile; fileRef = 431665321DE5BF2300324F40 /* SnowFalling.m */; };
		431665371DE5D5E300324F40 /* TermsViewController.m in Sources */ = {isa = PBXBuildFile; fileRef = 431665361DE5D5E300324F40 /* TermsViewController.m */; };
		4316653A1DE5D67A00324F40 /* SnowGeneratorView.m in Sources */ = {isa = PBXBuildFile; fileRef = 431665391DE5D67A00324F40 /* SnowGeneratorView.m */; };
/* End PBXBuildFile section */

/* Begin PBXContainerItemProxy section */
		4316651B1DE5B8E900324F40 /* PBXContainerItemProxy */ = {
			isa = PBXContainerItemProxy;
			containerPortal = 431664F91DE5B8E800324F40 /* Project object */;
			proxyType = 1;
			remoteGlobalIDString = 431665001DE5B8E800324F40;
			remoteInfo = ChristmasAR;
		};
/* End PBXContainerItemProxy section */

/* Begin PBXFileReference section */
		431665011DE5B8E900324F40 /* ChristmasAR.app */ = {isa = PBXFileReference; explicitFileType = wrapper.application; includeInIndex = 0; path = ChristmasAR.app; sourceTree = BUILT_PRODUCTS_DIR; };
		431665051DE5B8E900324F40 /* main.m */ = {isa = PBXFileReference; lastKnownFileType = sourcecode.c.objc; path = main.m; sourceTree = "<group>"; };
		431665071DE5B8E900324F40 /* AppDelegate.h */ = {isa = PBXFileReference; lastKnownFileType = sourcecode.c.h; path = AppDelegate.h; sourceTree = "<group>"; };
		431665081DE5B8E900324F40 /* AppDelegate.m */ = {isa = PBXFileReference; lastKnownFileType = sourcecode.c.objc; path = AppDelegate.m; sourceTree = "<group>"; };
		4316650A1DE5B8E900324F40 /* ViewController.h */ = {isa = PBXFileReference; lastKnownFileType = sourcecode.c.h; path = ViewController.h; sourceTree = "<group>"; };
		4316650B1DE5B8E900324F40 /* ViewController.m */ = {isa = PBXFileReference; lastKnownFileType = sourcecode.c.objc; path = ViewController.m; sourceTree = "<group>"; };
		4316650E1DE5B8E900324F40 /* Base */ = {isa = PBXFileReference; lastKnownFileType = file.storyboard; name = Base; path = Base.lproj/Main.storyboard; sourceTree = "<group>"; };
		431665101DE5B8E900324F40 /* Assets.xcassets */ = {isa = PBXFileReference; lastKnownFileType = folder.assetcatalog; path = Assets.xcassets; sourceTree = "<group>"; };
		431665131DE5B8E900324F40 /* Base */ = {isa = PBXFileReference; lastKnownFileType = file.storyboard; name = Base; path = Base.lproj/LaunchScreen.storyboard; sourceTree = "<group>"; };
		431665151DE5B8E900324F40 /* Info.plist */ = {isa = PBXFileReference; lastKnownFileType = text.plist.xml; path = Info.plist; sourceTree = "<group>"; };
		4316651A1DE5B8E900324F40 /* ChristmasARTests.xctest */ = {isa = PBXFileReference; explicitFileType = wrapper.cfbundle; includeInIndex = 0; path = ChristmasARTests.xctest; sourceTree = BUILT_PRODUCTS_DIR; };
		4316651E1DE5B8E900324F40 /* ChristmasARTests.m */ = {isa = PBXFileReference; lastKnownFileType = sourcecode.c.objc; path = ChristmasARTests.m; sourceTree = "<group>"; };
		431665201DE5B8E900324F40 /* Info.plist */ = {isa = PBXFileReference; lastKnownFileType = text.plist.xml; path = Info.plist; sourceTree = "<group>"; };
		431665311DE5BF2300324F40 /* SnowFalling.h */ = {isa = PBXFileReference; fileEncoding = 4; lastKnownFileType = sourcecode.c.h; path = SnowFalling.h; sourceTree = "<group>"; };
		431665321DE5BF2300324F40 /* SnowFalling.m */ = {isa = PBXFileReference; fileEncoding = 4; lastKnownFileType = sourcecode.c.objc; path = SnowFalling.m; sourceTree = "<group>"; };
		431665351DE5D5E300324F40 /* TermsViewController.h */ = {isa = PBXFileReference; fileEncoding = 4; lastKnownFileType = sourcecode.c.h; name = TermsViewController.h; path = ../TermsViewController.h; sourceTree = "<group>"; };
		431665361DE5D5E300324F40 /* TermsViewController.m */ = {isa = PBXFileReference; fileEncoding = 4; lastKnownFileType = sourcecode.c.objc; name = TermsViewController.m; path = ../TermsViewController.m; sourceTree = "<group>"; };
		431665381DE5D67A00324F40 /* SnowGeneratorView.h */ = {isa = PBXFileReference; fileEncoding = 4; lastKnownFileType = sourcecode.c.h; path = SnowGeneratorView.h; sourceTree = "<group>"; };
		431665391DE5D67A00324F40 /* SnowGeneratorView.m */ = {isa = PBXFileReference; fileEncoding = 4; lastKnownFileType = sourcecode.c.objc; path = SnowGeneratorView.m; sourceTree = "<group>"; };
/* End PBXFileReference section */

/* Begin PBXFrameworksBuildPhase section */
		431664FE1DE5B8E800324F40 /* Frameworks */ = {
			isa = PBXFrameworksBuildPhase;
			buildActionMask = 2147483647;
			files = (
			);
			runOnlyForDeploymentPostprocessing = 0;
		};
		431665171DE5B8E900324F40 /* Frameworks */ = {
			isa = PBXFrameworksBuildPhase;
			buildActionMask = 2147483647;
			files = (
			);
			runOnlyForDeploymentPostprocessing = 0;
		};
/* End PBXFrameworksBuildPhase section */

/* Begin PBXGroup section */
		431664F81DE5B8E800324F40 = {
			isa = PBXGroup;
			children = (
				431665031DE5B8E900324F40 /* ChristmasAR */,
				4316651D1DE5B8E900324F40 /* ChristmasARTests */,
				431665021DE5B8E900324F40 /* Products */,
			);
			sourceTree = "<group>";
		};
		431665021DE5B8E900324F40 /* Products */ = {
			isa = PBXGroup;
			children = (
				431665011DE5B8E900324F40 /* ChristmasAR.app */,
				4316651A1DE5B8E900324F40 /* ChristmasARTests.xctest */,
			);
			name = Products;
			sourceTree = "<group>";
		};
		431665031DE5B8E900324F40 /* ChristmasAR */ = {
			isa = PBXGroup;
			children = (
				431665341DE5C07C00324F40 /* Helper Classes */,
				431665071DE5B8E900324F40 /* AppDelegate.h */,
				431665081DE5B8E900324F40 /* AppDelegate.m */,
				431665351DE5D5E300324F40 /* TermsViewController.h */,
				431665361DE5D5E300324F40 /* TermsViewController.m */,
				4316650A1DE5B8E900324F40 /* ViewController.h */,
				4316650B1DE5B8E900324F40 /* ViewController.m */,
				4316650D1DE5B8E900324F40 /* Main.storyboard */,
				431665101DE5B8E900324F40 /* Assets.xcassets */,
				431665121DE5B8E900324F40 /* LaunchScreen.storyboard */,
				431665151DE5B8E900324F40 /* Info.plist */,
				431665041DE5B8E900324F40 /* Supporting Files */,
			);
			path = ChristmasAR;
			sourceTree = "<group>";
		};
		431665041DE5B8E900324F40 /* Supporting Files */ = {
			isa = PBXGroup;
			children = (
				431665051DE5B8E900324F40 /* main.m */,
			);
			name = "Supporting Files";
			sourceTree = "<group>";
		};
		4316651D1DE5B8E900324F40 /* ChristmasARTests */ = {
			isa = PBXGroup;
			children = (
				4316651E1DE5B8E900324F40 /* ChristmasARTests.m */,
				431665201DE5B8E900324F40 /* Info.plist */,
			);
			path = ChristmasARTests;
			sourceTree = "<group>";
		};
		431665341DE5C07C00324F40 /* Helper Classes */ = {
			isa = PBXGroup;
			children = (
				431665311DE5BF2300324F40 /* SnowFalling.h */,
				431665321DE5BF2300324F40 /* SnowFalling.m */,
				431665381DE5D67A00324F40 /* SnowGeneratorView.h */,
				431665391DE5D67A00324F40 /* SnowGeneratorView.m */,
			);
			name = "Helper Classes";
			sourceTree = "<group>";
		};
/* End PBXGroup section */

/* Begin PBXNativeTarget section */
		431665001DE5B8E800324F40 /* ChristmasAR */ = {
			isa = PBXNativeTarget;
			buildConfigurationList = 431665231DE5B8E900324F40 /* Build configuration list for PBXNativeTarget "ChristmasAR" */;
			buildPhases = (
				431664FD1DE5B8E800324F40 /* Sources */,
				431664FE1DE5B8E800324F40 /* Frameworks */,
				431664FF1DE5B8E800324F40 /* Resources */,
			);
			buildRules = (
			);
			dependencies = (
			);
			name = ChristmasAR;
			productName = ChristmasAR;
			productReference = 431665011DE5B8E900324F40 /* ChristmasAR.app */;
			productType = "com.apple.product-type.application";
		};
		431665191DE5B8E900324F40 /* ChristmasARTests */ = {
			isa = PBXNativeTarget;
			buildConfigurationList = 431665261DE5B8E900324F40 /* Build configuration list for PBXNativeTarget "ChristmasARTests" */;
			buildPhases = (
				431665161DE5B8E900324F40 /* Sources */,
				431665171DE5B8E900324F40 /* Frameworks */,
				431665181DE5B8E900324F40 /* Resources */,
			);
			buildRules = (
			);
			dependencies = (
				4316651C1DE5B8E900324F40 /* PBXTargetDependency */,
			);
			name = ChristmasARTests;
			productName = ChristmasARTests;
			productReference = 4316651A1DE5B8E900324F40 /* ChristmasARTests.xctest */;
			productType = "com.apple.product-type.bundle.unit-test";
		};
/* End PBXNativeTarget section */

/* Begin PBXProject section */
		431664F91DE5B8E800324F40 /* Project object */ = {
			isa = PBXProject;
			attributes = {
				LastUpgradeCheck = 0810;
				ORGANIZATIONNAME = Izzy;
				TargetAttributes = {
					431665001DE5B8E800324F40 = {
						CreatedOnToolsVersion = 8.1;
						DevelopmentTeam = 6HA878TP6G;
						ProvisioningStyle = Automatic;
					};
					431665191DE5B8E900324F40 = {
						CreatedOnToolsVersion = 8.1;
						DevelopmentTeam = 6HA878TP6G;
						ProvisioningStyle = Automatic;
						TestTargetID = 431665001DE5B8E800324F40;
					};
				};
			};
			buildConfigurationList = 431664FC1DE5B8E800324F40 /* Build configuration list for PBXProject "ChristmasAR" */;
			compatibilityVersion = "Xcode 3.2";
			developmentRegion = English;
			hasScannedForEncodings = 0;
			knownRegions = (
				en,
				Base,
			);
			mainGroup = 431664F81DE5B8E800324F40;
			productRefGroup = 431665021DE5B8E900324F40 /* Products */;
			projectDirPath = "";
			projectRoot = "";
			targets = (
				431665001DE5B8E800324F40 /* ChristmasAR */,
				431665191DE5B8E900324F40 /* ChristmasARTests */,
			);
		};
/* End PBXProject section */

/* Begin PBXResourcesBuildPhase section */
		431664FF1DE5B8E800324F40 /* Resources */ = {
			isa = PBXResourcesBuildPhase;
			buildActionMask = 2147483647;
			files = (
				431665141DE5B8E900324F40 /* LaunchScreen.storyboard in Resources */,
				431665111DE5B8E900324F40 /* Assets.xcassets in Resources */,
				4316650F1DE5B8E900324F40 /* Main.storyboard in Resources */,
			);
			runOnlyForDeploymentPostprocessing = 0;
		};
		431665181DE5B8E900324F40 /* Resources */ = {
			isa = PBXResourcesBuildPhase;
			buildActionMask = 2147483647;
			files = (
			);
			runOnlyForDeploymentPostprocessing = 0;
		};
/* End PBXResourcesBuildPhase section */

/* Begin PBXSourcesBuildPhase section */
		431664FD1DE5B8E800324F40 /* Sources */ = {
			isa = PBXSourcesBuildPhase;
			buildActionMask = 2147483647;
			files = (
				431665371DE5D5E300324F40 /* TermsViewController.m in Sources */,
				4316653A1DE5D67A00324F40 /* SnowGeneratorView.m in Sources */,
				431665331DE5BF2300324F40 /* SnowFalling.m in Sources */,
				4316650C1DE5B8E900324F40 /* ViewController.m in Sources */,
				431665091DE5B8E900324F40 /* AppDelegate.m in Sources */,
				431665061DE5B8E900324F40 /* main.m in Sources */,
			);
			runOnlyForDeploymentPostprocessing = 0;
		};
		431665161DE5B8E900324F40 /* Sources */ = {
			isa = PBXSourcesBuildPhase;
			buildActionMask = 2147483647;
			files = (
				4316651F1DE5B8E900324F40 /* ChristmasARTests.m in Sources */,
			);
			runOnlyForDeploymentPostprocessing = 0;
		};
/* End PBXSourcesBuildPhase section */

/* Begin PBXTargetDependency section */
		4316651C1DE5B8E900324F40 /* PBXTargetDependency */ = {
			isa = PBXTargetDependency;
			target = 431665001DE5B8E800324F40 /* ChristmasAR */;
			targetProxy = 4316651B1DE5B8E900324F40 /* PBXContainerItemProxy */;
		};
/* End PBXTargetDependency section */

/* Begin PBXVariantGroup section */
		4316650D1DE5B8E900324F40 /* Main.storyboard */ = {
			isa = PBXVariantGroup;
			children = (
				4316650E1DE5B8E900324F40 /* Base */,
			);
			name = Main.storyboard;
			sourceTree = "<group>";
		};
		431665121DE5B8E900324F40 /* LaunchScreen.storyboard */ = {
			isa = PBXVariantGroup;
			children = (
				431665131DE5B8E900324F40 /* Base */,
			);
			name = LaunchScreen.storyboard;
			sourceTree = "<group>";
		};
/* End PBXVariantGroup section */

/* Begin XCBuildConfiguration section */
		431665211DE5B8E900324F40 /* Debug */ = {
			isa = XCBuildConfiguration;
			buildSettings = {
				ALWAYS_SEARCH_USER_PATHS = NO;
				CLANG_ANALYZER_NONNULL = YES;
				CLANG_CXX_LANGUAGE_STANDARD = "gnu++0x";
				CLANG_CXX_LIBRARY = "libc++";
				CLANG_ENABLE_MODULES = YES;
				CLANG_ENABLE_OBJC_ARC = YES;
				CLANG_WARN_BOOL_CONVERSION = YES;
				CLANG_WARN_CONSTANT_CONVERSION = YES;
				CLANG_WARN_DIRECT_OBJC_ISA_USAGE = YES_ERROR;
				CLANG_WARN_DOCUMENTATION_COMMENTS = YES;
				CLANG_WARN_EMPTY_BODY = YES;
				CLANG_WARN_ENUM_CONVERSION = YES;
				CLANG_WARN_INFINITE_RECURSION = YES;
				CLANG_WARN_INT_CONVERSION = YES;
				CLANG_WARN_OBJC_ROOT_CLASS = YES_ERROR;
				CLANG_WARN_SUSPICIOUS_MOVES = YES;
				CLANG_WARN_UNREACHABLE_CODE = YES;
				CLANG_WARN__DUPLICATE_METHOD_MATCH = YES;
				"CODE_SIGN_IDENTITY[sdk=iphoneos*]" = "iPhone Developer";
				COPY_PHASE_STRIP = NO;
				DEBUG_INFORMATION_FORMAT = dwarf;
				ENABLE_STRICT_OBJC_MSGSEND = YES;
				ENABLE_TESTABILITY = YES;
				GCC_C_LANGUAGE_STANDARD = gnu99;
				GCC_DYNAMIC_NO_PIC = NO;
				GCC_NO_COMMON_BLOCKS = YES;
				GCC_OPTIMIZATION_LEVEL = 0;
				GCC_PREPROCESSOR_DEFINITIONS = (
					"DEBUG=1",
					"$(inherited)",
				);
				GCC_WARN_64_TO_32_BIT_CONVERSION = YES;
				GCC_WARN_ABOUT_RETURN_TYPE = YES_ERROR;
				GCC_WARN_UNDECLARED_SELECTOR = YES;
				GCC_WARN_UNINITIALIZED_AUTOS = YES_AGGRESSIVE;
				GCC_WARN_UNUSED_FUNCTION = YES;
				GCC_WARN_UNUSED_VARIABLE = YES;
				IPHONEOS_DEPLOYMENT_TARGET = 10.1;
				MTL_ENABLE_DEBUG_INFO = YES;
				ONLY_ACTIVE_ARCH = YES;
				SDKROOT = iphoneos;
				TARGETED_DEVICE_FAMILY = "1,2";
			};
			name = Debug;
		};
		431665221DE5B8E900324F40 /* Release */ = {
			isa = XCBuildConfiguration;
			buildSettings = {
				ALWAYS_SEARCH_USER_PATHS = NO;
				CLANG_ANALYZER_NONNULL = YES;
				CLANG_CXX_LANGUAGE_STANDARD = "gnu++0x";
				CLANG_CXX_LIBRARY = "libc++";
				CLANG_ENABLE_MODULES = YES;
				CLANG_ENABLE_OBJC_ARC = YES;
				CLANG_WARN_BOOL_CONVERSION = YES;
				CLANG_WARN_CONSTANT_CONVERSION = YES;
				CLANG_WARN_DIRECT_OBJC_ISA_USAGE = YES_ERROR;
				CLANG_WARN_DOCUMENTATION_COMMENTS = YES;
				CLANG_WARN_EMPTY_BODY = YES;
				CLANG_WARN_ENUM_CONVERSION = YES;
				CLANG_WARN_INFINITE_RECURSION = YES;
				CLANG_WARN_INT_CONVERSION = YES;
				CLANG_WARN_OBJC_ROOT_CLASS = YES_ERROR;
				CLANG_WARN_SUSPICIOUS_MOVES = YES;
				CLANG_WARN_UNREACHABLE_CODE = YES;
				CLANG_WARN__DUPLICATE_METHOD_MATCH = YES;
				"CODE_SIGN_IDENTITY[sdk=iphoneos*]" = "iPhone Developer";
				COPY_PHASE_STRIP = NO;
				DEBUG_INFORMATION_FORMAT = "dwarf-with-dsym";
				ENABLE_NS_ASSERTIONS = NO;
				ENABLE_STRICT_OBJC_MSGSEND = YES;
				GCC_C_LANGUAGE_STANDARD = gnu99;
				GCC_NO_COMMON_BLOCKS = YES;
				GCC_WARN_64_TO_32_BIT_CONVERSION = YES;
				GCC_WARN_ABOUT_RETURN_TYPE = YES_ERROR;
				GCC_WARN_UNDECLARED_SELECTOR = YES;
				GCC_WARN_UNINITIALIZED_AUTOS = YES_AGGRESSIVE;
				GCC_WARN_UNUSED_FUNCTION = YES;
				GCC_WARN_UNUSED_VARIABLE = YES;
				IPHONEOS_DEPLOYMENT_TARGET = 10.1;
				MTL_ENABLE_DEBUG_INFO = NO;
				SDKROOT = iphoneos;
				TARGETED_DEVICE_FAMILY = "1,2";
				VALIDATE_PRODUCT = YES;
			};
			name = Release;
		};
		431665241DE5B8E900324F40 /* Debug */ = {
			isa = XCBuildConfiguration;
			buildSettings = {
				ASSETCATALOG_COMPILER_APPICON_NAME = AppIcon;
				DEVELOPMENT_TEAM = 6HA878TP6G;
				INFOPLIST_FILE = ChristmasAR/Info.plist;
				LD_RUNPATH_SEARCH_PATHS = "$(inherited) @executable_path/Frameworks";
				PRODUCT_BUNDLE_IDENTIFIER = com.reraise.ChristmasAR;
				PRODUCT_NAME = "$(TARGET_NAME)";
			};
			name = Debug;
		};
		431665251DE5B8E900324F40 /* Release */ = {
			isa = XCBuildConfiguration;
			buildSettings = {
				ASSETCATALOG_COMPILER_APPICON_NAME = AppIcon;
				DEVELOPMENT_TEAM = 6HA878TP6G;
				INFOPLIST_FILE = ChristmasAR/Info.plist;
				LD_RUNPATH_SEARCH_PATHS = "$(inherited) @executable_path/Frameworks";
				PRODUCT_BUNDLE_IDENTIFIER = com.reraise.ChristmasAR;
				PRODUCT_NAME = "$(TARGET_NAME)";
			};
			name = Release;
		};
		431665271DE5B8E900324F40 /* Debug */ = {
			isa = XCBuildConfiguration;
			buildSettings = {
				BUNDLE_LOADER = "$(TEST_HOST)";
				DEVELOPMENT_TEAM = 6HA878TP6G;
				INFOPLIST_FILE = ChristmasARTests/Info.plist;
				LD_RUNPATH_SEARCH_PATHS = "$(inherited) @executable_path/Frameworks @loader_path/Frameworks";
				PRODUCT_BUNDLE_IDENTIFIER = com.reraise.ChristmasARTests;
				PRODUCT_NAME = "$(TARGET_NAME)";
				TEST_HOST = "$(BUILT_PRODUCTS_DIR)/ChristmasAR.app/ChristmasAR";
			};
			name = Debug;
		};
		431665281DE5B8E900324F40 /* Release */ = {
			isa = XCBuildConfiguration;
			buildSettings = {
				BUNDLE_LOADER = "$(TEST_HOST)";
				DEVELOPMENT_TEAM = 6HA878TP6G;
				INFOPLIST_FILE = ChristmasARTests/Info.plist;
				LD_RUNPATH_SEARCH_PATHS = "$(inherited) @executable_path/Frameworks @loader_path/Frameworks";
				PRODUCT_BUNDLE_IDENTIFIER = com.reraise.ChristmasARTests;
				PRODUCT_NAME = "$(TARGET_NAME)";
				TEST_HOST = "$(BUILT_PRODUCTS_DIR)/ChristmasAR.app/ChristmasAR";
			};
			name = Release;
		};
/* End XCBuildConfiguration section */

/* Begin XCConfigurationList section */
		431664FC1DE5B8E800324F40 /* Build configuration list for PBXProject "ChristmasAR" */ = {
			isa = XCConfigurationList;
			buildConfigurations = (
				431665211DE5B8E900324F40 /* Debug */,
				431665221DE5B8E900324F40 /* Release */,
			);
			defaultConfigurationIsVisible = 0;
			defaultConfigurationName = Release;
		};
		431665231DE5B8E900324F40 /* Build configuration list for PBXNativeTarget "ChristmasAR" */ = {
			isa = XCConfigurationList;
			buildConfigurations = (
				431665241DE5B8E900324F40 /* Debug */,
				431665251DE5B8E900324F40 /* Release */,
			);
			defaultConfigurationIsVisible = 0;
		};
		431665261DE5B8E900324F40 /* Build configuration list for PBXNativeTarget "ChristmasARTests" */ = {
			isa = XCConfigurationList;
			buildConfigurations = (
				431665271DE5B8E900324F40 /* Debug */,
				431665281DE5B8E900324F40 /* Release */,
			);
			defaultConfigurationIsVisible = 0;
		};
/* End XCConfigurationList section */
	};
	rootObject = 431664F91DE5B8E800324F40 /* Project object */;
}
